// !$*UTF8*$!
{
	archiveVersion = 1;
	classes = {
	};
	objectVersion = 50;
	objects = {

/* Begin PBXBuildFile section */
		9A6C281B230BC07000C355E2 /* AppDelegate.m in Sources */ = {isa = PBXBuildFile; fileRef = 9A6C281A230BC07000C355E2 /* AppDelegate.m */; };
		9A6C281E230BC07000C355E2 /* ViewController.m in Sources */ = {isa = PBXBuildFile; fileRef = 9A6C281D230BC07000C355E2 /* ViewController.m */; };
		9A6C2821230BC07000C355E2 /* Main.storyboard in Resources */ = {isa = PBXBuildFile; fileRef = 9A6C281F230BC07000C355E2 /* Main.storyboard */; };
		9A6C2823230BC07200C355E2 /* Assets.xcassets in Resources */ = {isa = PBXBuildFile; fileRef = 9A6C2822230BC07200C355E2 /* Assets.xcassets */; };
		9A6C2826230BC07200C355E2 /* LaunchScreen.storyboard in Resources */ = {isa = PBXBuildFile; fileRef = 9A6C2824230BC07200C355E2 /* LaunchScreen.storyboard */; };
		9A6C2829230BC07200C355E2 /* main.m in Sources */ = {isa = PBXBuildFile; fileRef = 9A6C2828230BC07200C355E2 /* main.m */; };
		9A6C2833230BC07200C355E2 /* ProtocolTestTests.m in Sources */ = {isa = PBXBuildFile; fileRef = 9A6C2832230BC07200C355E2 /* ProtocolTestTests.m */; };
		9A6C283E230BC07200C355E2 /* ProtocolTestUITests.m in Sources */ = {isa = PBXBuildFile; fileRef = 9A6C283D230BC07200C355E2 /* ProtocolTestUITests.m */; };
		9A6C284E230BC14500C355E2 /* BaseViewModel.m in Sources */ = {isa = PBXBuildFile; fileRef = 9A6C284D230BC14500C355E2 /* BaseViewModel.m */; };
/* End PBXBuildFile section */

/* Begin PBXContainerItemProxy section */
		9A6C282F230BC07200C355E2 /* PBXContainerItemProxy */ = {
			isa = PBXContainerItemProxy;
			containerPortal = 9A6C280E230BC07000C355E2 /* Project object */;
			proxyType = 1;
			remoteGlobalIDString = 9A6C2815230BC07000C355E2;
			remoteInfo = ProtocolTest;
		};
		9A6C283A230BC07200C355E2 /* PBXContainerItemProxy */ = {
			isa = PBXContainerItemProxy;
			containerPortal = 9A6C280E230BC07000C355E2 /* Project object */;
			proxyType = 1;
			remoteGlobalIDString = 9A6C2815230BC07000C355E2;
			remoteInfo = ProtocolTest;
		};
/* End PBXContainerItemProxy section */

/* Begin PBXFileReference section */
		9A6C2816230BC07000C355E2 /* ProtocolTest.app */ = {isa = PBXFileReference; explicitFileType = wrapper.application; includeInIndex = 0; path = ProtocolTest.app; sourceTree = BUILT_PRODUCTS_DIR; };
		9A6C2819230BC07000C355E2 /* AppDelegate.h */ = {isa = PBXFileReference; lastKnownFileType = sourcecode.c.h; path = AppDelegate.h; sourceTree = "<group>"; };
		9A6C281A230BC07000C355E2 /* AppDelegate.m */ = {isa = PBXFileReference; lastKnownFileType = sourcecode.c.objc; path = AppDelegate.m; sourceTree = "<group>"; };
		9A6C281C230BC07000C355E2 /* ViewController.h */ = {isa = PBXFileReference; lastKnownFileType = sourcecode.c.h; path = ViewController.h; sourceTree = "<group>"; };
		9A6C281D230BC07000C355E2 /* ViewController.m */ = {isa = PBXFileReference; lastKnownFileType = sourcecode.c.objc; path = ViewController.m; sourceTree = "<group>"; };
		9A6C2820230BC07000C355E2 /* Base */ = {isa = PBXFileReference; lastKnownFileType = file.storyboard; name = Base; path = Base.lproj/Main.storyboard; sourceTree = "<group>"; };
		9A6C2822230BC07200C355E2 /* Assets.xcassets */ = {isa = PBXFileReference; lastKnownFileType = folder.assetcatalog; path = Assets.xcassets; sourceTree = "<group>"; };
		9A6C2825230BC07200C355E2 /* Base */ = {isa = PBXFileReference; lastKnownFileType = file.storyboard; name = Base; path = Base.lproj/LaunchScreen.storyboard; sourceTree = "<group>"; };
		9A6C2827230BC07200C355E2 /* Info.plist */ = {isa = PBXFileReference; lastKnownFileType = text.plist.xml; path = Info.plist; sourceTree = "<group>"; };
		9A6C2828230BC07200C355E2 /* main.m */ = {isa = PBXFileReference; lastKnownFileType = sourcecode.c.objc; path = main.m; sourceTree = "<group>"; };
		9A6C282E230BC07200C355E2 /* ProtocolTestTests.xctest */ = {isa = PBXFileReference; explicitFileType = wrapper.cfbundle; includeInIndex = 0; path = ProtocolTestTests.xctest; sourceTree = BUILT_PRODUCTS_DIR; };
		9A6C2832230BC07200C355E2 /* ProtocolTestTests.m */ = {isa = PBXFileReference; lastKnownFileType = sourcecode.c.objc; path = ProtocolTestTests.m; sourceTree = "<group>"; };
		9A6C2834230BC07200C355E2 /* Info.plist */ = {isa = PBXFileReference; lastKnownFileType = text.plist.xml; path = Info.plist; sourceTree = "<group>"; };
		9A6C2839230BC07200C355E2 /* ProtocolTestUITests.xctest */ = {isa = PBXFileReference; explicitFileType = wrapper.cfbundle; includeInIndex = 0; path = ProtocolTestUITests.xctest; sourceTree = BUILT_PRODUCTS_DIR; };
		9A6C283D230BC07200C355E2 /* ProtocolTestUITests.m */ = {isa = PBXFileReference; lastKnownFileType = sourcecode.c.objc; path = ProtocolTestUITests.m; sourceTree = "<group>"; };
		9A6C283F230BC07200C355E2 /* Info.plist */ = {isa = PBXFileReference; lastKnownFileType = text.plist.xml; path = Info.plist; sourceTree = "<group>"; };
		9A6C284B230BC0BD00C355E2 /* BaseViewModelProtocol.h */ = {isa = PBXFileReference; lastKnownFileType = sourcecode.c.h; path = BaseViewModelProtocol.h; sourceTree = "<group>"; };
		9A6C284C230BC14500C355E2 /* BaseViewModel.h */ = {isa = PBXFileReference; lastKnownFileType = sourcecode.c.h; path = BaseViewModel.h; sourceTree = "<group>"; };
		9A6C284D230BC14500C355E2 /* BaseViewModel.m */ = {isa = PBXFileReference; lastKnownFileType = sourcecode.c.objc; path = BaseViewModel.m; sourceTree = "<group>"; };
/* End PBXFileReference section */

/* Begin PBXFrameworksBuildPhase section */
		9A6C2813230BC07000C355E2 /* Frameworks */ = {
			isa = PBXFrameworksBuildPhase;
			buildActionMask = 2147483647;
			files = (
			);
			runOnlyForDeploymentPostprocessing = 0;
		};
		9A6C282B230BC07200C355E2 /* Frameworks */ = {
			isa = PBXFrameworksBuildPhase;
			buildActionMask = 2147483647;
			files = (
			);
			runOnlyForDeploymentPostprocessing = 0;
		};
		9A6C2836230BC07200C355E2 /* Frameworks */ = {
			isa = PBXFrameworksBuildPhase;
			buildActionMask = 2147483647;
			files = (
			);
			runOnlyForDeploymentPostprocessing = 0;
		};
/* End PBXFrameworksBuildPhase section */

/* Begin PBXGroup section */
		9A6C280D230BC07000C355E2 = {
			isa = PBXGroup;
			children = (
				9A6C2818230BC07000C355E2 /* ProtocolTest */,
				9A6C2831230BC07200C355E2 /* ProtocolTestTests */,
				9A6C283C230BC07200C355E2 /* ProtocolTestUITests */,
				9A6C2817230BC07000C355E2 /* Products */,
			);
			sourceTree = "<group>";
		};
		9A6C2817230BC07000C355E2 /* Products */ = {
			isa = PBXGroup;
			children = (
				9A6C2816230BC07000C355E2 /* ProtocolTest.app */,
				9A6C282E230BC07200C355E2 /* ProtocolTestTests.xctest */,
				9A6C2839230BC07200C355E2 /* ProtocolTestUITests.xctest */,
			);
			name = Products;
			sourceTree = "<group>";
		};
		9A6C2818230BC07000C355E2 /* ProtocolTest */ = {
			isa = PBXGroup;
			children = (
				9A6C2819230BC07000C355E2 /* AppDelegate.h */,
				9A6C281A230BC07000C355E2 /* AppDelegate.m */,
				9A6C281C230BC07000C355E2 /* ViewController.h */,
				9A6C284B230BC0BD00C355E2 /* BaseViewModelProtocol.h */,
				9A6C284C230BC14500C355E2 /* BaseViewModel.h */,
				9A6C284D230BC14500C355E2 /* BaseViewModel.m */,
				9A6C281D230BC07000C355E2 /* ViewController.m */,
				9A6C281F230BC07000C355E2 /* Main.storyboard */,
				9A6C2822230BC07200C355E2 /* Assets.xcassets */,
				9A6C2824230BC07200C355E2 /* LaunchScreen.storyboard */,
				9A6C2827230BC07200C355E2 /* Info.plist */,
				9A6C2828230BC07200C355E2 /* main.m */,
			);
			path = ProtocolTest;
			sourceTree = "<group>";
		};
		9A6C2831230BC07200C355E2 /* ProtocolTestTests */ = {
			isa = PBXGroup;
			children = (
				9A6C2832230BC07200C355E2 /* ProtocolTestTests.m */,
				9A6C2834230BC07200C355E2 /* Info.plist */,
			);
			path = ProtocolTestTests;
			sourceTree = "<group>";
		};
		9A6C283C230BC07200C355E2 /* ProtocolTestUITests */ = {
			isa = PBXGroup;
			children = (
				9A6C283D230BC07200C355E2 /* ProtocolTestUITests.m */,
				9A6C283F230BC07200C355E2 /* Info.plist */,
			);
			path = ProtocolTestUITests;
			sourceTree = "<group>";
		};
/* End PBXGroup section */

/* Begin PBXNativeTarget section */
		9A6C2815230BC07000C355E2 /* ProtocolTest */ = {
			isa = PBXNativeTarget;
			buildConfigurationList = 9A6C2842230BC07200C355E2 /* Build configuration list for PBXNativeTarget "ProtocolTest" */;
			buildPhases = (
				9A6C2812230BC07000C355E2 /* Sources */,
				9A6C2813230BC07000C355E2 /* Frameworks */,
				9A6C2814230BC07000C355E2 /* Resources */,
			);
			buildRules = (
			);
			dependencies = (
			);
			name = ProtocolTest;
			productName = ProtocolTest;
			productReference = 9A6C2816230BC07000C355E2 /* ProtocolTest.app */;
			productType = "com.apple.product-type.application";
		};
		9A6C282D230BC07200C355E2 /* ProtocolTestTests */ = {
			isa = PBXNativeTarget;
			buildConfigurationList = 9A6C2845230BC07200C355E2 /* Build configuration list for PBXNativeTarget "ProtocolTestTests" */;
			buildPhases = (
				9A6C282A230BC07200C355E2 /* Sources */,
				9A6C282B230BC07200C355E2 /* Frameworks */,
				9A6C282C230BC07200C355E2 /* Resources */,
			);
			buildRules = (
			);
			dependencies = (
				9A6C2830230BC07200C355E2 /* PBXTargetDependency */,
			);
			name = ProtocolTestTests;
			productName = ProtocolTestTests;
			productReference = 9A6C282E230BC07200C355E2 /* ProtocolTestTests.xctest */;
			productType = "com.apple.product-type.bundle.unit-test";
		};
		9A6C2838230BC07200C355E2 /* ProtocolTestUITests */ = {
			isa = PBXNativeTarget;
			buildConfigurationList = 9A6C2848230BC07200C355E2 /* Build configuration list for PBXNativeTarget "ProtocolTestUITests" */;
			buildPhases = (
				9A6C2835230BC07200C355E2 /* Sources */,
				9A6C2836230BC07200C355E2 /* Frameworks */,
				9A6C2837230BC07200C355E2 /* Resources */,
			);
			buildRules = (
			);
			dependencies = (
				9A6C283B230BC07200C355E2 /* PBXTargetDependency */,
			);
			name = ProtocolTestUITests;
			productName = ProtocolTestUITests;
			productReference = 9A6C2839230BC07200C355E2 /* ProtocolTestUITests.xctest */;
			productType = "com.apple.product-type.bundle.ui-testing";
		};
/* End PBXNativeTarget section */

/* Begin PBXProject section */
		9A6C280E230BC07000C355E2 /* Project object */ = {
			isa = PBXProject;
			attributes = {
				LastUpgradeCheck = 1020;
				ORGANIZATIONNAME = Macmini;
				TargetAttributes = {
					9A6C2815230BC07000C355E2 = {
						CreatedOnToolsVersion = 10.2.1;
					};
					9A6C282D230BC07200C355E2 = {
						CreatedOnToolsVersion = 10.2.1;
						TestTargetID = 9A6C2815230BC07000C355E2;
					};
					9A6C2838230BC07200C355E2 = {
						CreatedOnToolsVersion = 10.2.1;
						TestTargetID = 9A6C2815230BC07000C355E2;
					};
				};
			};
			buildConfigurationList = 9A6C2811230BC07000C355E2 /* Build configuration list for PBXProject "ProtocolTest" */;
			compatibilityVersion = "Xcode 9.3";
			developmentRegion = en;
			hasScannedForEncodings = 0;
			knownRegions = (
				en,
				Base,
			);
			mainGroup = 9A6C280D230BC07000C355E2;
			productRefGroup = 9A6C2817230BC07000C355E2 /* Products */;
			projectDirPath = "";
			projectRoot = "";
			targets = (
				9A6C2815230BC07000C355E2 /* ProtocolTest */,
				9A6C282D230BC07200C355E2 /* ProtocolTestTests */,
				9A6C2838230BC07200C355E2 /* ProtocolTestUITests */,
			);
		};
/* End PBXProject section */

/* Begin PBXResourcesBuildPhase section */
		9A6C2814230BC07000C355E2 /* Resources */ = {
			isa = PBXResourcesBuildPhase;
			buildActionMask = 2147483647;
			files = (
				9A6C2826230BC07200C355E2 /* LaunchScreen.storyboard in Resources */,
				9A6C2823230BC07200C355E2 /* Assets.xcassets in Resources */,
				9A6C2821230BC07000C355E2 /* Main.storyboard in Resources */,
			);
			runOnlyForDeploymentPostprocessing = 0;
		};
		9A6C282C230BC07200C355E2 /* Resources */ = {
			isa = PBXResourcesBuildPhase;
			buildActionMask = 2147483647;
			files = (
			);
			runOnlyForDeploymentPostprocessing = 0;
		};
		9A6C2837230BC07200C355E2 /* Resources */ = {
			isa = PBXResourcesBuildPhase;
			buildActionMask = 2147483647;
			files = (
			);
			runOnlyForDeploymentPostprocessing = 0;
		};
/* End PBXResourcesBuildPhase section */

/* Begin PBXSourcesBuildPhase section */
		9A6C2812230BC07000C355E2 /* Sources */ = {
			isa = PBXSourcesBuildPhase;
			buildActionMask = 2147483647;
			files = (
				9A6C281E230BC07000C355E2 /* ViewController.m in Sources */,
				9A6C284E230BC14500C355E2 /* BaseViewModel.m in Sources */,
				9A6C2829230BC07200C355E2 /* main.m in Sources */,
				9A6C281B230BC07000C355E2 /* AppDelegate.m in Sources */,
			);
			runOnlyForDeploymentPostprocessing = 0;
		};
		9A6C282A230BC07200C355E2 /* Sources */ = {
			isa = PBXSourcesBuildPhase;
			buildActionMask = 2147483647;
			files = (
				9A6C2833230BC07200C355E2 /* ProtocolTestTests.m in Sources */,
			);
			runOnlyForDeploymentPostprocessing = 0;
		};
		9A6C2835230BC07200C355E2 /* Sources */ = {
			isa = PBXSourcesBuildPhase;
			buildActionMask = 2147483647;
			files = (
				9A6C283E230BC07200C355E2 /* ProtocolTestUITests.m in Sources */,
			);
			runOnlyForDeploymentPostprocessing = 0;
		};
/* End PBXSourcesBuildPhase section */

/* Begin PBXTargetDependency section */
		9A6C2830230BC07200C355E2 /* PBXTargetDependency */ = {
			isa = PBXTargetDependency;
			target = 9A6C2815230BC07000C355E2 /* ProtocolTest */;
			targetProxy = 9A6C282F230BC07200C355E2 /* PBXContainerItemProxy */;
		};
		9A6C283B230BC07200C355E2 /* PBXTargetDependency */ = {
			isa = PBXTargetDependency;
			target = 9A6C2815230BC07000C355E2 /* ProtocolTest */;
			targetProxy = 9A6C283A230BC07200C355E2 /* PBXContainerItemProxy */;
		};
/* End PBXTargetDependency section */

/* Begin PBXVariantGroup section */
		9A6C281F230BC07000C355E2 /* Main.storyboard */ = {
			isa = PBXVariantGroup;
			children = (
				9A6C2820230BC07000C355E2 /* Base */,
			);
			name = Main.storyboard;
			sourceTree = "<group>";
		};
		9A6C2824230BC07200C355E2 /* LaunchScreen.storyboard */ = {
			isa = PBXVariantGroup;
			children = (
				9A6C2825230BC07200C355E2 /* Base */,
			);
			name = LaunchScreen.storyboard;
			sourceTree = "<group>";
		};
/* End PBXVariantGroup section */

/* Begin XCBuildConfiguration section */
		9A6C2840230BC07200C355E2 /* Debug */ = {
			isa = XCBuildConfiguration;
			buildSettings = {
				ALWAYS_SEARCH_USER_PATHS = NO;
				CLANG_ANALYZER_NONNULL = YES;
				CLANG_ANALYZER_NUMBER_OBJECT_CONVERSION = YES_AGGRESSIVE;
				CLANG_CXX_LANGUAGE_STANDARD = "gnu++14";
				CLANG_CXX_LIBRARY = "libc++";
				CLANG_ENABLE_MODULES = YES;
				CLANG_ENABLE_OBJC_ARC = YES;
				CLANG_ENABLE_OBJC_WEAK = YES;
				CLANG_WARN_BLOCK_CAPTURE_AUTORELEASING = YES;
				CLANG_WARN_BOOL_CONVERSION = YES;
				CLANG_WARN_COMMA = YES;
				CLANG_WARN_CONSTANT_CONVERSION = YES;
				CLANG_WARN_DEPRECATED_OBJC_IMPLEMENTATIONS = YES;
				CLANG_WARN_DIRECT_OBJC_ISA_USAGE = YES_ERROR;
				CLANG_WARN_DOCUMENTATION_COMMENTS = YES;
				CLANG_WARN_EMPTY_BODY = YES;
				CLANG_WARN_ENUM_CONVERSION = YES;
				CLANG_WARN_INFINITE_RECURSION = YES;
				CLANG_WARN_INT_CONVERSION = YES;
				CLANG_WARN_NON_LITERAL_NULL_CONVERSION = YES;
				CLANG_WARN_OBJC_IMPLICIT_RETAIN_SELF = YES;
				CLANG_WARN_OBJC_LITERAL_CONVERSION = YES;
				CLANG_WARN_OBJC_ROOT_CLASS = YES_ERROR;
				CLANG_WARN_RANGE_LOOP_ANALYSIS = YES;
				CLANG_WARN_STRICT_PROTOTYPES = YES;
				CLANG_WARN_SUSPICIOUS_MOVE = YES;
				CLANG_WARN_UNGUARDED_AVAILABILITY = YES_AGGRESSIVE;
				CLANG_WARN_UNREACHABLE_CODE = YES;
				CLANG_WARN__DUPLICATE_METHOD_MATCH = YES;
				CODE_SIGN_IDENTITY = "iPhone Developer";
				COPY_PHASE_STRIP = NO;
				DEBUG_INFORMATION_FORMAT = dwarf;
				ENABLE_STRICT_OBJC_MSGSEND = YES;
				ENABLE_TESTABILITY = YES;
				GCC_C_LANGUAGE_STANDARD = gnu11;
				GCC_DYNAMIC_NO_PIC = NO;
				GCC_NO_COMMON_BLOCKS = YES;
				GCC_OPTIMIZATION_LEVEL = 0;
				GCC_PREPROCESSOR_DEFINITIONS = (
					"DEBUG=1",
					"$(inherited)",
				);
				GCC_WARN_64_TO_32_BIT_CONVERSION = YES;
				GCC_WARN_ABOUT_RETURN_TYPE = YES_ERROR;
				GCC_WARN_UNDECLARED_SELECTOR = YES;
				GCC_WARN_UNINITIALIZED_AUTOS = YES_AGGRESSIVE;
				GCC_WARN_UNUSED_FUNCTION = YES;
				GCC_WARN_UNUSED_VARIABLE = YES;
				IPHONEOS_DEPLOYMENT_TARGET = 12.2;
				MTL_ENABLE_DEBUG_INFO = INCLUDE_SOURCE;
				MTL_FAST_MATH = YES;
				ONLY_ACTIVE_ARCH = YES;
				SDKROOT = iphoneos;
			};
			name = Debug;
		};
		9A6C2841230BC07200C355E2 /* Release */ = {
			isa = XCBuildConfiguration;
			buildSettings = {
				ALWAYS_SEARCH_USER_PATHS = NO;
				CLANG_ANALYZER_NONNULL = YES;
				CLANG_ANALYZER_NUMBER_OBJECT_CONVERSION = YES_AGGRESSIVE;
				CLANG_CXX_LANGUAGE_STANDARD = "gnu++14";
				CLANG_CXX_LIBRARY = "libc++";
				CLANG_ENABLE_MODULES = YES;
				CLANG_ENABLE_OBJC_ARC = YES;
				CLANG_ENABLE_OBJC_WEAK = YES;
				CLANG_WARN_BLOCK_CAPTURE_AUTORELEASING = YES;
				CLANG_WARN_BOOL_CONVERSION = YES;
				CLANG_WARN_COMMA = YES;
				CLANG_WARN_CONSTANT_CONVERSION = YES;
				CLANG_WARN_DEPRECATED_OBJC_IMPLEMENTATIONS = YES;
				CLANG_WARN_DIRECT_OBJC_ISA_USAGE = YES_ERROR;
				CLANG_WARN_DOCUMENTATION_COMMENTS = YES;
				CLANG_WARN_EMPTY_BODY = YES;
				CLANG_WARN_ENUM_CONVERSION = YES;
				CLANG_WARN_INFINITE_RECURSION = YES;
				CLANG_WARN_INT_CONVERSION = YES;
				CLANG_WARN_NON_LITERAL_NULL_CONVERSION = YES;
				CLANG_WARN_OBJC_IMPLICIT_RETAIN_SELF = YES;
				CLANG_WARN_OBJC_LITERAL_CONVERSION = YES;
				CLANG_WARN_OBJC_ROOT_CLASS = YES_ERROR;
				CLANG_WARN_RANGE_LOOP_ANALYSIS = YES;
				CLANG_WARN_STRICT_PROTOTYPES = YES;
				CLANG_WARN_SUSPICIOUS_MOVE = YES;
				CLANG_WARN_UNGUARDED_AVAILABILITY = YES_AGGRESSIVE;
				CLANG_WARN_UNREACHABLE_CODE = YES;
				CLANG_WARN__DUPLICATE_METHOD_MATCH = YES;
				CODE_SIGN_IDENTITY = "iPhone Developer";
				COPY_PHASE_STRIP = NO;
				DEBUG_INFORMATION_FORMAT = "dwarf-with-dsym";
				ENABLE_NS_ASSERTIONS = NO;
				ENABLE_STRICT_OBJC_MSGSEND = YES;
				GCC_C_LANGUAGE_STANDARD = gnu11;
				GCC_NO_COMMON_BLOCKS = YES;
				GCC_WARN_64_TO_32_BIT_CONVERSION = YES;
				GCC_WARN_ABOUT_RETURN_TYPE = YES_ERROR;
				GCC_WARN_UNDECLARED_SELECTOR = YES;
				GCC_WARN_UNINITIALIZED_AUTOS = YES_AGGRESSIVE;
				GCC_WARN_UNUSED_FUNCTION = YES;
				GCC_WARN_UNUSED_VARIABLE = YES;
				IPHONEOS_DEPLOYMENT_TARGET = 12.2;
				MTL_ENABLE_DEBUG_INFO = NO;
				MTL_FAST_MATH = YES;
				SDKROOT = iphoneos;
				VALIDATE_PRODUCT = YES;
			};
			name = Release;
		};
		9A6C2843230BC07200C355E2 /* Debug */ = {
			isa = XCBuildConfiguration;
			buildSettings = {
				ASSETCATALOG_COMPILER_APPICON_NAME = AppIcon;
				CODE_SIGN_STYLE = Automatic;
				DEVELOPMENT_TEAM = UKN88ZK5LF;
				INFOPLIST_FILE = ProtocolTest/Info.plist;
				IPHONEOS_DEPLOYMENT_TARGET = 8.0;
				LD_RUNPATH_SEARCH_PATHS = (
					"$(inherited)",
					"@executable_path/Frameworks",
				);
				PRODUCT_BUNDLE_IDENTIFIER = wdy.ProtocolTest;
				PRODUCT_NAME = "$(TARGET_NAME)";
				TARGETED_DEVICE_FAMILY = "1,2";
			};
			name = Debug;
		};
		9A6C2844230BC07200C355E2 /* Release */ = {
			isa = XCBuildConfiguration;
			buildSettings = {
				ASSETCATALOG_COMPILER_APPICON_NAME = AppIcon;
				CODE_SIGN_STYLE = Automatic;
				DEVELOPMENT_TEAM = UKN88ZK5LF;
				INFOPLIST_FILE = ProtocolTest/Info.plist;
				IPHONEOS_DEPLOYMENT_TARGET = 8.0;
				LD_RUNPATH_SEARCH_PATHS = (
					"$(inherited)",
					"@executable_path/Frameworks",
				);
				PRODUCT_BUNDLE_IDENTIFIER = wdy.ProtocolTest;
				PRODUCT_NAME = "$(TARGET_NAME)";
				TARGETED_DEVICE_FAMILY = "1,2";
			};
			name = Release;
		};
		9A6C2846230BC07200C355E2 /* Debug */ = {
			isa = XCBuildConfiguration;
			buildSettings = {
				BUNDLE_LOADER = "$(TEST_HOST)";
				CODE_SIGN_STYLE = Automatic;
				DEVELOPMENT_TEAM = UKN88ZK5LF;
				INFOPLIST_FILE = ProtocolTestTests/Info.plist;
				LD_RUNPATH_SEARCH_PATHS = (
					"$(inherited)",
					"@executable_path/Frameworks",
					"@loader_path/Frameworks",
				);
				PRODUCT_BUNDLE_IDENTIFIER = wdy.ProtocolTestTests;
				PRODUCT_NAME = "$(TARGET_NAME)";
				TARGETED_DEVICE_FAMILY = "1,2";
				TEST_HOST = "$(BUILT_PRODUCTS_DIR)/ProtocolTest.app/ProtocolTest";
			};
			name = Debug;
		};
		9A6C2847230BC07200C355E2 /* Release */ = {
			isa = XCBuildConfiguration;
			buildSettings = {
				BUNDLE_LOADER = "$(TEST_HOST)";
				CODE_SIGN_STYLE = Automatic;
				DEVELOPMENT_TEAM = UKN88ZK5LF;
				INFOPLIST_FILE = ProtocolTestTests/Info.plist;
				LD_RUNPATH_SEARCH_PATHS = (
					"$(inherited)",
					"@executable_path/Frameworks",
					"@loader_path/Frameworks",
				);
				PRODUCT_BUNDLE_IDENTIFIER = wdy.ProtocolTestTests;
				PRODUCT_NAME = "$(TARGET_NAME)";
				TARGETED_DEVICE_FAMILY = "1,2";
				TEST_HOST = "$(BUILT_PRODUCTS_DIR)/ProtocolTest.app/ProtocolTest";
			};
			name = Release;
		};
		9A6C2849230BC07200C355E2 /* Debug */ = {
			isa = XCBuildConfiguration;
			buildSettings = {
				CODE_SIGN_STYLE = Automatic;
				DEVELOPMENT_TEAM = UKN88ZK5LF;
				INFOPLIST_FILE = ProtocolTestUITests/Info.plist;
				LD_RUNPATH_SEARCH_PATHS = (
					"$(inherited)",
					"@executable_path/Frameworks",
					"@loader_path/Frameworks",
				);
				PRODUCT_BUNDLE_IDENTIFIER = wdy.ProtocolTestUITests;
				PRODUCT_NAME = "$(TARGET_NAME)";
				TARGETED_DEVICE_FAMILY = "1,2";
				TEST_TARGET_NAME = ProtocolTest;
			};
			name = Debug;
		};
		9A6C284A230BC07200C355E2 /* Release */ = {
			isa = XCBuildConfiguration;
			buildSettings = {
				CODE_SIGN_STYLE = Automatic;
				DEVELOPMENT_TEAM = UKN88ZK5LF;
				INFOPLIST_FILE = ProtocolTestUITests/Info.plist;
				LD_RUNPATH_SEARCH_PATHS = (
					"$(inherited)",
					"@executable_path/Frameworks",
					"@loader_path/Frameworks",
				);
				PRODUCT_BUNDLE_IDENTIFIER = wdy.ProtocolTestUITests;
				PRODUCT_NAME = "$(TARGET_NAME)";
				TARGETED_DEVICE_FAMILY = "1,2";
				TEST_TARGET_NAME = ProtocolTest;
			};
			name = Release;
		};
/* End XCBuildConfiguration section */

/* Begin XCConfigurationList section */
		9A6C2811230BC07000C355E2 /* Build configuration list for PBXProject "ProtocolTest" */ = {
			isa = XCConfigurationList;
			buildConfigurations = (
				9A6C2840230BC07200C355E2 /* Debug */,
				9A6C2841230BC07200C355E2 /* Release */,
			);
			defaultConfigurationIsVisible = 0;
			defaultConfigurationName = Release;
		};
		9A6C2842230BC07200C355E2 /* Build configuration list for PBXNativeTarget "ProtocolTest" */ = {
			isa = XCConfigurationList;
			buildConfigurations = (
				9A6C2843230BC07200C355E2 /* Debug */,
				9A6C2844230BC07200C355E2 /* Release */,
			);
			defaultConfigurationIsVisible = 0;
			defaultConfigurationName = Release;
		};
		9A6C2845230BC07200C355E2 /* Build configuration list for PBXNativeTarget "ProtocolTestTests" */ = {
			isa = XCConfigurationList;
			buildConfigurations = (
				9A6C2846230BC07200C355E2 /* Debug */,
				9A6C2847230BC07200C355E2 /* Release */,
			);
			defaultConfigurationIsVisible = 0;
			defaultConfigurationName = Release;
		};
		9A6C2848230BC07200C355E2 /* Build configuration list for PBXNativeTarget "ProtocolTestUITests" */ = {
			isa = XCConfigurationList;
			buildConfigurations = (
				9A6C2849230BC07200C355E2 /* Debug */,
				9A6C284A230BC07200C355E2 /* Release */,
			);
			defaultConfigurationIsVisible = 0;
			defaultConfigurationName = Release;
		};
/* End XCConfigurationList section */
	};
	rootObject = 9A6C280E230BC07000C355E2 /* Project object */;
}
